
Microsoft Visual Studio Solution File, Format Version 12.00
# Visual Studio Version 17
VisualStudioVersion = 17.10.34916.146
MinimumVisualStudioVersion = 10.0.40219.1
Project("{FAE04EC0-301F-11D3-BF4B-00C04F79EFBC}") = "EjPanalAbejas", "EjPanalAbejas.csproj", "{AFD84461-91DB-4EF2-8A79-33794915292B}"
EndProject
Global
	GlobalSection(SolutionConfigurationPlatforms) = preSolution
		Debug|Any CPU = Debug|Any CPU
		Release|Any CPU = Release|Any CPU
	EndGlobalSection
	GlobalSection(ProjectConfigurationPlatforms) = postSolution
		{AFD84461-91DB-4EF2-8A79-33794915292B}.Debug|Any CPU.ActiveCfg = Debug|Any CPU
		{AFD84461-91DB-4EF2-8A79-33794915292B}.Debug|Any CPU.Build.0 = Debug|Any CPU
		{AFD84461-91DB-4EF2-8A79-33794915292B}.Release|Any CPU.ActiveCfg = Release|Any CPU
		{AFD84461-91DB-4EF2-8A79-33794915292B}.Release|Any CPU.Build.0 = Release|Any CPU
	EndGlobalSection
	GlobalSection(SolutionProperties) = preSolution
		HideSolutionNode = FALSE
	EndGlobalSection
	GlobalSection(ExtensibilityGlobals) = postSolution
		SolutionGuid = {D943F35F-929A-4E71-B737-858927DF75AE}
	EndGlobalSection
EndGlobal
